{
  "pins" : [
    {
      "identity" : "swiftcelestrak",
      "kind" : "remoteSourceControl",
      "location" : "https://github.com/triple7/SwiftCelesTrak",
      "state" : {
        "branch" : "main",
        "revision" : "6a5b262733f4697d41b214cee80b5abe505f1835"
      }
    }
  ],
  "version" : 2
}
