{
  "pins" : [
    {
      "identity" : "swiftcelestrak",
      "kind" : "remoteSourceControl",
      "location" : "https://github.com/triple7/SwiftCelesTrak",
      "state" : {
        "branch" : "main",
        "revision" : "4449d24e49c1c5a643dee94e1b9f1a330cc1ddcd"
      }
    }
  ],
  "version" : 2
}
