{
  "pins" : [
    {
      "identity" : "swiftcelestrak",
      "kind" : "remoteSourceControl",
      "location" : "https://github.com/triple7/SwiftCelesTrak",
      "state" : {
        "branch" : "main",
        "revision" : "f954cd6513a8ce11efdb690de0ef950c35e0c519"
      }
    }
  ],
  "version" : 2
}
